
Microsoft Visual Studio Solution File, Format Version 12.00
# Visual Studio Version 17
VisualStudioVersion = 17.13.35825.156
MinimumVisualStudioVersion = 10.0.40219.1
Project("{FAE04EC0-301F-11D3-BF4B-00C04F79EFBC}") = "TransportManagementSystem", "TransportManagementSystem\TransportManagementSystem.csproj", "{92146A41-D0CA-405F-8483-C90BA9396337}"
EndProject
Project("{FAE04EC0-301F-11D3-BF4B-00C04F79EFBC}") = "TransportManagementTests", "TransportManagementSystemTest\TransportManagementTests.csproj", "{FD85B0D2-4DC0-4E96-B1D4-DC86A5800155}"
EndProject
Global
	GlobalSection(SolutionConfigurationPlatforms) = preSolution
		Debug|Any CPU = Debug|Any CPU
		Release|Any CPU = Release|Any CPU
	EndGlobalSection
	GlobalSection(ProjectConfigurationPlatforms) = postSolution
		{92146A41-D0CA-405F-8483-C90BA9396337}.Debug|Any CPU.ActiveCfg = Debug|Any CPU
		{92146A41-D0CA-405F-8483-C90BA9396337}.Debug|Any CPU.Build.0 = Debug|Any CPU
		{92146A41-D0CA-405F-8483-C90BA9396337}.Release|Any CPU.ActiveCfg = Release|Any CPU
		{92146A41-D0CA-405F-8483-C90BA9396337}.Release|Any CPU.Build.0 = Release|Any CPU
		{FD85B0D2-4DC0-4E96-B1D4-DC86A5800155}.Debug|Any CPU.ActiveCfg = Debug|Any CPU
		{FD85B0D2-4DC0-4E96-B1D4-DC86A5800155}.Debug|Any CPU.Build.0 = Debug|Any CPU
		{FD85B0D2-4DC0-4E96-B1D4-DC86A5800155}.Release|Any CPU.ActiveCfg = Release|Any CPU
		{FD85B0D2-4DC0-4E96-B1D4-DC86A5800155}.Release|Any CPU.Build.0 = Release|Any CPU
	EndGlobalSection
	GlobalSection(SolutionProperties) = preSolution
		HideSolutionNode = FALSE
	EndGlobalSection
	GlobalSection(ExtensibilityGlobals) = postSolution
		SolutionGuid = {22CC7FD5-0F97-4855-94A7-F96CBB2CC3F8}
	EndGlobalSection
EndGlobal
